# @generated - this file is auto-generated by `mise lock` https://mise.en.dev/dev-tools/mise-lock.html

lockfile_version = 3

[[tools.uv]]
version = "0.12.23"
backend = "aqua:astral-sh/uv"
specifiers = ["0.12"]

[tools.uv."platforms.linux-arm64"]
checksum = "sha256:6524bd338177ed50d035d39354e12545e993bbeba2ecbddf0480c5b3a81d313f"
url = "https://github.com/astral-sh/uv/releases/download/0.12.23/uv-aarch64-unknown-linux-gnu.tar.gz"
url_api = "https://api.github.com/repos/astral-sh/uv/releases/assets/608232491"
provenance = "github-attestations"

[tools.uv."platforms.linux-arm64-musl"]
checksum = "sha256:b536543cc4d50661986b165c76ee8aa9056e4fa332edcd153ff2e98760f9359b"
url = "https://github.com/astral-sh/uv/releases/download/0.12.23/uv-aarch64-unknown-linux-musl.tar.gz"
url_api = "https://api.github.com/repos/astral-sh/uv/releases/assets/608232500"
provenance = "github-attestations"

[tools.uv."platforms.linux-x64"]
checksum = "sha256:9167d72b3319674b6303c4cbe071854bba13ebdf3d76b1a7cbdc175471fb66d6"
url = "https://github.com/astral-sh/uv/releases/download/0.12.23/uv-x86_64-unknown-linux-gnu.tar.gz"
url_api = "https://api.github.com/repos/astral-sh/uv/releases/assets/608232628"
provenance = "github-attestations"

[tools.uv."platforms.linux-x64-musl"]
checksum = "sha256:1cff8783850e794470aadb73f54b749542a511fc57b0ce6468b64bd3852e0ade"
url = "https://github.com/astral-sh/uv/releases/download/0.12.23/uv-x86_64-unknown-linux-musl.tar.gz"
url_api = "https://api.github.com/repos/astral-sh/uv/releases/assets/608232639"
provenance = "github-attestations"

[tools.uv."platforms.macos-arm64"]
checksum = "sha256:50487ae565ccd96e499056b4674d438f4c53170202617b4c759defe0c6a1b544"
url = "https://github.com/astral-sh/uv/releases/download/0.12.23/uv-aarch64-apple-darwin.tar.gz"
url_api = "https://api.github.com/repos/astral-sh/uv/releases/assets/608232483"
provenance = "github-attestations"

[tools.uv."platforms.macos-x64"]
checksum = "sha256:960da44cb4b73685206ddd250b19e0a117fa41095710c1038f081f5cb613efb4"
url = "https://github.com/astral-sh/uv/releases/download/0.12.23/uv-x86_64-apple-darwin.tar.gz"
url_api = "https://api.github.com/repos/astral-sh/uv/releases/assets/608232607"
provenance = "github-attestations"

[tools.uv."platforms.windows-x64"]
checksum = "sha256:75d05de6762778c31ee183398de7dd15093fad0ed90b1f236d8205ea5ec00c90"
url = "https://github.com/astral-sh/uv/releases/download/0.12.23/uv-x86_64-pc-windows-msvc.zip"
url_api = "https://api.github.com/repos/astral-sh/uv/releases/assets/608232617"
provenance = "github-attestations"
